
Microsoft Visual Studio Solution File, Format Version 12.00
# Visual Studio Version 16
VisualStudioVersion = 16.0.29424.173
MinimumVisualStudioVersion = 10.0.40219.1
Project("{FAE04EC0-301F-11D3-BF4B-00C04F79EFBC}") = "BlazorClient", "BlazorClient\BlazorClient.csproj", "{6DBB3DEF-319F-4E8F-ABC9-201309ED32E1}"
EndProject
Project("{FAE04EC0-301F-11D3-BF4B-00C04F79EFBC}") = "SchoolLibrary", "SchoolLibrary\SchoolLibrary.csproj", "{44E9302C-A70D-48AB-8B66-74AA44DC418D}"
EndProject
Project("{FAE04EC0-301F-11D3-BF4B-00C04F79EFBC}") = "SchoolAPI", "SchoolAPI\SchoolAPI.csproj", "{74D3D1E9-B4E3-4CF2-8450-0FF7AAA47351}"
EndProject
Global
	GlobalSection(SolutionConfigurationPlatforms) = preSolution
		Debug|Any CPU = Debug|Any CPU
		Release|Any CPU = Release|Any CPU
	EndGlobalSection
	GlobalSection(ProjectConfigurationPlatforms) = postSolution
		{6DBB3DEF-319F-4E8F-ABC9-201309ED32E1}.Debug|Any CPU.ActiveCfg = Debug|Any CPU
		{6DBB3DEF-319F-4E8F-ABC9-201309ED32E1}.Debug|Any CPU.Build.0 = Debug|Any CPU
		{6DBB3DEF-319F-4E8F-ABC9-201309ED32E1}.Release|Any CPU.ActiveCfg = Release|Any CPU
		{6DBB3DEF-319F-4E8F-ABC9-201309ED32E1}.Release|Any CPU.Build.0 = Release|Any CPU
		{44E9302C-A70D-48AB-8B66-74AA44DC418D}.Debug|Any CPU.ActiveCfg = Debug|Any CPU
		{44E9302C-A70D-48AB-8B66-74AA44DC418D}.Debug|Any CPU.Build.0 = Debug|Any CPU
		{44E9302C-A70D-48AB-8B66-74AA44DC418D}.Release|Any CPU.ActiveCfg = Release|Any CPU
		{44E9302C-A70D-48AB-8B66-74AA44DC418D}.Release|Any CPU.Build.0 = Release|Any CPU
		{74D3D1E9-B4E3-4CF2-8450-0FF7AAA47351}.Debug|Any CPU.ActiveCfg = Debug|Any CPU
		{74D3D1E9-B4E3-4CF2-8450-0FF7AAA47351}.Debug|Any CPU.Build.0 = Debug|Any CPU
		{74D3D1E9-B4E3-4CF2-8450-0FF7AAA47351}.Release|Any CPU.ActiveCfg = Release|Any CPU
		{74D3D1E9-B4E3-4CF2-8450-0FF7AAA47351}.Release|Any CPU.Build.0 = Release|Any CPU
	EndGlobalSection
	GlobalSection(SolutionProperties) = preSolution
		HideSolutionNode = FALSE
	EndGlobalSection
	GlobalSection(ExtensibilityGlobals) = postSolution
		SolutionGuid = {6CD213DB-263A-4189-A50F-276A2305DBD4}
	EndGlobalSection
EndGlobal
